{
  "originHash" : "259806555f1b32b154cb805c0b8b38b58a3a9755690dc5b1902f3894380af91c",
  "pins" : [
    {
      "identity" : "rerune-ios",
      "kind" : "remoteSourceControl",
      "location" : "https://github.com/BasalBit/rerune-ios.git",
      "state" : {
        "revision" : "13c985290dc8b86a9e92a9c1270acdcae29614ea",
        "version" : "1.2.0"
      }
    }
  ],
  "version" : 3
}
